
Microsoft Visual Studio Solution File, Format Version 12.00
# Visual Studio Version 16
VisualStudioVersion = 25.0.1703.1
MinimumVisualStudioVersion = 10.0.40219.1
Project("{FAE04EC0-301F-11D3-BF4B-00C04F79EFBC}") = "TestPrism.Android", "TestPrism\TestPrism.Android\TestPrism.Android.csproj", "{137FBF9C-2F36-4827-A875-453555AB6E10}"
EndProject
Project("{FAE04EC0-301F-11D3-BF4B-00C04F79EFBC}") = "TestPrism.iOS", "TestPrism\TestPrism.iOS\TestPrism.iOS.csproj", "{1F0B8952-222E-4736-B351-BFE39324C181}"
EndProject
Project("{FAE04EC0-301F-11D3-BF4B-00C04F79EFBC}") = "TestPrism", "TestPrism\TestPrism\TestPrism.csproj", "{D6A3B3C1-DC3A-411D-8B3F-D10D806D60F3}"
EndProject
Global
	GlobalSection(SolutionConfigurationPlatforms) = preSolution
		Debug|Any CPU = Debug|Any CPU
		Release|Any CPU = Release|Any CPU
		Debug|iPhoneSimulator = Debug|iPhoneSimulator
		Release|iPhoneSimulator = Release|iPhoneSimulator
		Debug|iPhone = Debug|iPhone
		Release|iPhone = Release|iPhone
	EndGlobalSection
	GlobalSection(ProjectConfigurationPlatforms) = postSolution
		{137FBF9C-2F36-4827-A875-453555AB6E10}.Debug|Any CPU.ActiveCfg = Debug|Any CPU
		{137FBF9C-2F36-4827-A875-453555AB6E10}.Debug|Any CPU.Build.0 = Debug|Any CPU
		{137FBF9C-2F36-4827-A875-453555AB6E10}.Release|Any CPU.ActiveCfg = Release|Any CPU
		{137FBF9C-2F36-4827-A875-453555AB6E10}.Release|Any CPU.Build.0 = Release|Any CPU
		{137FBF9C-2F36-4827-A875-453555AB6E10}.Debug|iPhoneSimulator.ActiveCfg = Debug|Any CPU
		{137FBF9C-2F36-4827-A875-453555AB6E10}.Debug|iPhoneSimulator.Build.0 = Debug|Any CPU
		{137FBF9C-2F36-4827-A875-453555AB6E10}.Release|iPhoneSimulator.ActiveCfg = Release|Any CPU
		{137FBF9C-2F36-4827-A875-453555AB6E10}.Release|iPhoneSimulator.Build.0 = Release|Any CPU
		{137FBF9C-2F36-4827-A875-453555AB6E10}.Debug|iPhone.ActiveCfg = Debug|Any CPU
		{137FBF9C-2F36-4827-A875-453555AB6E10}.Debug|iPhone.Build.0 = Debug|Any CPU
		{137FBF9C-2F36-4827-A875-453555AB6E10}.Release|iPhone.ActiveCfg = Release|Any CPU
		{137FBF9C-2F36-4827-A875-453555AB6E10}.Release|iPhone.Build.0 = Release|Any CPU
		{1F0B8952-222E-4736-B351-BFE39324C181}.Debug|Any CPU.ActiveCfg = Debug|iPhoneSimulator
		{1F0B8952-222E-4736-B351-BFE39324C181}.Debug|Any CPU.Build.0 = Debug|iPhoneSimulator
		{1F0B8952-222E-4736-B351-BFE39324C181}.Release|Any CPU.ActiveCfg = Release|iPhoneSimulator
		{1F0B8952-222E-4736-B351-BFE39324C181}.Release|Any CPU.Build.0 = Release|iPhoneSimulator
		{1F0B8952-222E-4736-B351-BFE39324C181}.Debug|iPhoneSimulator.ActiveCfg = Debug|iPhoneSimulator
		{1F0B8952-222E-4736-B351-BFE39324C181}.Debug|iPhoneSimulator.Build.0 = Debug|iPhoneSimulator
		{1F0B8952-222E-4736-B351-BFE39324C181}.Release|iPhoneSimulator.ActiveCfg = Release|iPhoneSimulator
		{1F0B8952-222E-4736-B351-BFE39324C181}.Release|iPhoneSimulator.Build.0 = Release|iPhoneSimulator
		{1F0B8952-222E-4736-B351-BFE39324C181}.Debug|iPhone.ActiveCfg = Debug|iPhone
		{1F0B8952-222E-4736-B351-BFE39324C181}.Debug|iPhone.Build.0 = Debug|iPhone
		{1F0B8952-222E-4736-B351-BFE39324C181}.Release|iPhone.ActiveCfg = Release|iPhone
		{1F0B8952-222E-4736-B351-BFE39324C181}.Release|iPhone.Build.0 = Release|iPhone
		{D6A3B3C1-DC3A-411D-8B3F-D10D806D60F3}.Debug|Any CPU.ActiveCfg = Debug|Any CPU
		{D6A3B3C1-DC3A-411D-8B3F-D10D806D60F3}.Debug|Any CPU.Build.0 = Debug|Any CPU
		{D6A3B3C1-DC3A-411D-8B3F-D10D806D60F3}.Release|Any CPU.ActiveCfg = Release|Any CPU
		{D6A3B3C1-DC3A-411D-8B3F-D10D806D60F3}.Release|Any CPU.Build.0 = Release|Any CPU
		{D6A3B3C1-DC3A-411D-8B3F-D10D806D60F3}.Debug|iPhoneSimulator.ActiveCfg = Debug|Any CPU
		{D6A3B3C1-DC3A-411D-8B3F-D10D806D60F3}.Debug|iPhoneSimulator.Build.0 = Debug|Any CPU
		{D6A3B3C1-DC3A-411D-8B3F-D10D806D60F3}.Release|iPhoneSimulator.ActiveCfg = Release|Any CPU
		{D6A3B3C1-DC3A-411D-8B3F-D10D806D60F3}.Release|iPhoneSimulator.Build.0 = Release|Any CPU
		{D6A3B3C1-DC3A-411D-8B3F-D10D806D60F3}.Debug|iPhone.ActiveCfg = Debug|Any CPU
		{D6A3B3C1-DC3A-411D-8B3F-D10D806D60F3}.Debug|iPhone.Build.0 = Debug|Any CPU
		{D6A3B3C1-DC3A-411D-8B3F-D10D806D60F3}.Release|iPhone.ActiveCfg = Release|Any CPU
		{D6A3B3C1-DC3A-411D-8B3F-D10D806D60F3}.Release|iPhone.Build.0 = Release|Any CPU
	EndGlobalSection
	GlobalSection(SolutionProperties) = preSolution
		HideSolutionNode = FALSE
	EndGlobalSection
	GlobalSection(ExtensibilityGlobals) = postSolution
		SolutionGuid = {C3C63E02-2101-416A-BFB9-A4D60636CA48}
	EndGlobalSection
EndGlobal
